
Microsoft Visual Studio Solution File, Format Version 12.00
# Visual Studio Version 17
VisualStudioVersion = 17.7.34024.191
MinimumVisualStudioVersion = 10.0.40219.1
Project("{FAE04EC0-301F-11D3-BF4B-00C04F79EFBC}") = "Tortik", "Tortik.csproj", "{5B52FE8B-C702-41FB-AD67-D0476A8F6396}"
EndProject
Global
	GlobalSection(SolutionConfigurationPlatforms) = preSolution
		Debug|Any CPU = Debug|Any CPU
		Release|Any CPU = Release|Any CPU
	EndGlobalSection
	GlobalSection(ProjectConfigurationPlatforms) = postSolution
		{5B52FE8B-C702-41FB-AD67-D0476A8F6396}.Debug|Any CPU.ActiveCfg = Debug|Any CPU
		{5B52FE8B-C702-41FB-AD67-D0476A8F6396}.Debug|Any CPU.Build.0 = Debug|Any CPU
		{5B52FE8B-C702-41FB-AD67-D0476A8F6396}.Release|Any CPU.ActiveCfg = Release|Any CPU
		{5B52FE8B-C702-41FB-AD67-D0476A8F6396}.Release|Any CPU.Build.0 = Release|Any CPU
	EndGlobalSection
	GlobalSection(SolutionProperties) = preSolution
		HideSolutionNode = FALSE
	EndGlobalSection
	GlobalSection(ExtensibilityGlobals) = postSolution
		SolutionGuid = {49CE7C7C-D427-4DF4-A81A-8BAE0B447611}
	EndGlobalSection
EndGlobal
